
Microsoft Visual Studio Solution File, Format Version 12.00
# Visual Studio Version 16
VisualStudioVersion = 16.0.30804.86
MinimumVisualStudioVersion = 10.0.40219.1
Project("{2150E333-8FDC-42A3-9474-1A3956D46DE8}") = "Unit test project templates", "Unit test project templates", "{474F2AFE-597E-47BF-B193-846C86D055EA}"
EndProject
Project("{9A19103F-16F7-4668-BE54-9A1E7A4F7556}") = "PayneUnitTestProject", "PayneUnitTestProject\PayneUnitTestProject.csproj", "{A9D63D1B-D3B7-4B81-9314-59DA55A78BC6}"
EndProject
Project("{2150E333-8FDC-42A3-9474-1A3956D46DE8}") = "Solution Items", "Solution Items", "{6B396C35-D280-46C6-9252-4D1132C49A09}"
	ProjectSection(SolutionItems) = preProject
		readme.md = readme.md
	EndProjectSection
EndProject
Project("{2150E333-8FDC-42A3-9474-1A3956D46DE8}") = "Class project templates net core 5", "Class project templates net core 5", "{2FAA48D6-24D0-44CA-97E4-207CF009CD04}"
EndProject
Project("{9A19103F-16F7-4668-BE54-9A1E7A4F7556}") = "BaseNetCoreClassProject", "BaseNetCoreClassProject\BaseNetCoreClassProject.csproj", "{80A7E66D-47C5-4012-BE4E-2B3938D4250C}"
EndProject
Project("{9A19103F-16F7-4668-BE54-9A1E7A4F7556}") = "BaseNetCoreSqlClientClassProject", "BaseNetCoreSqlClientClassProject\BaseNetCoreSqlClientClassProject.csproj", "{E97C796F-CED7-4C0B-BB36-02FF9D8EC55A}"
EndProject
Project("{2150E333-8FDC-42A3-9474-1A3956D46DE8}") = "Console project net core 5", "Console project net core 5", "{7865A25F-FC73-4912-A908-9F8F489AB358}"
EndProject
Project("{9A19103F-16F7-4668-BE54-9A1E7A4F7556}") = "BaseNetCoreConsoleProject", "BaseNetCoreConsoleProject\BaseNetCoreConsoleProject.csproj", "{C95FCCB7-B487-4451-9485-476C75F88928}"
EndProject
Project("{9A19103F-16F7-4668-BE54-9A1E7A4F7556}") = "BaseNetCoreOracleProviderClassProject", "BaseNetCoreOracleProviderClassProject\BaseNetCoreOracleProviderClassProject.csproj", "{C39E0FEE-5A9D-4DB1-AC28-15B397416BAA}"
EndProject
Project("{9A19103F-16F7-4668-BE54-9A1E7A4F7556}") = "BaseNetCoreAppConfigProject", "BaseNetCoreAppConfigProject\BaseNetCoreAppConfigProject.csproj", "{F6FE2BB5-BBC8-4417-B6D0-38E0760F836B}"
EndProject
Project("{9A19103F-16F7-4668-BE54-9A1E7A4F7556}") = "BaseNetCoreConfigurationHelper", "BaseNetCoreConfigurationHelper\BaseNetCoreConfigurationHelper.csproj", "{F5006C9C-B0B9-4759-9D0B-291AE869C3A4}"
EndProject
Project("{9A19103F-16F7-4668-BE54-9A1E7A4F7556}") = "ShouldlyUnitTestProject", "ShouldlyUnitTestProject\ShouldlyUnitTestProject.csproj", "{1A4C68F6-6593-48C1-AAAC-B5F6A5A73623}"
EndProject
Project("{2150E333-8FDC-42A3-9474-1A3956D46DE8}") = "Windows forms net core csharp 9", "Windows forms net core csharp 9", "{14C7F42D-1F56-4231-B660-1D1DDF6AA76B}"
EndProject
Project("{9A19103F-16F7-4668-BE54-9A1E7A4F7556}") = "BaseNetCoreFormsProject", "BaseNetCoreFormsProject\BaseNetCoreFormsProject.csproj", "{B15A169F-8AA1-4ABD-B873-5E0F37E58299}"
EndProject
Project("{2150E333-8FDC-42A3-9474-1A3956D46DE8}") = "styles", "styles", "{5CF787F6-9FA7-4978-A196-4FEA69253ABB}"
	ProjectSection(SolutionItems) = preProject
		markdown.css = markdown.css
	EndProjectSection
EndProject
Project("{2150E333-8FDC-42A3-9474-1A3956D46DE8}") = "With third party packages", "With third party packages", "{7A00F745-84B1-456A-A12D-F4678B9248C7}"
EndProject
Project("{9A19103F-16F7-4668-BE54-9A1E7A4F7556}") = "BaseNetCoreClassNewtonsoftProject", "BaseNetCoreClassNewtonsoftProject\BaseNetCoreClassNewtonsoftProject.csproj", "{86B0E530-7DF7-45E1-8DCE-003AAF5305B5}"
EndProject
Project("{2150E333-8FDC-42A3-9474-1A3956D46DE8}") = "Examples", "Examples", "{E1AA5B64-0FA3-4326-9AE7-80A047D8FF50}"
EndProject
Project("{9A19103F-16F7-4668-BE54-9A1E7A4F7556}") = "NewtonsoftExampleConsole", "NewtonsoftExampleConsole\NewtonsoftExampleConsole.csproj", "{65DF94A8-1DCA-4E28-A3B3-58530CA4E8CD}"
EndProject
Project("{2150E333-8FDC-42A3-9474-1A3956D46DE8}") = "WPF net code csharp 9", "WPF net code csharp 9", "{1A5B761B-454E-4CCC-87E0-832D03E06A00}"
EndProject
Project("{9A19103F-16F7-4668-BE54-9A1E7A4F7556}") = "BaseNetCoreWpfAppProject", "BaseNetCoreWpfAppProject\BaseNetCoreWpfAppProject.csproj", "{346DE512-6163-453D-A84C-2C1CBE9B8E6C}"
EndProject
Project("{9A19103F-16F7-4668-BE54-9A1E7A4F7556}") = "BaseValidationLibrary", "BaseValidationLibrary\BaseValidationLibrary.csproj", "{A4611CB0-3E06-4F49-B13B-33602FBC905A}"
EndProject
Project("{9A19103F-16F7-4668-BE54-9A1E7A4F7556}") = "BaseNetCoreFileHelpers", "BaseNetCoreFileHelpers\BaseNetCoreFileHelpers.csproj", "{FF53D870-7AFA-4D32-985D-3DB10B05D969}"
EndProject
Project("{9A19103F-16F7-4668-BE54-9A1E7A4F7556}") = "BaseNetCoreImagesProject", "BaseNetCoreImagesProject\BaseNetCoreImagesProject.csproj", "{A6A9D426-E8D6-4163-9D41-F0E2F3916A1D}"
EndProject
Project("{9A19103F-16F7-4668-BE54-9A1E7A4F7556}") = "BaseExceptionHandling", "BaseExceptionHandling\BaseExceptionHandling.csproj", "{16252A42-A0E5-4A12-8217-917D23190EB7}"
EndProject
Global
	GlobalSection(SolutionConfigurationPlatforms) = preSolution
		Debug|Any CPU = Debug|Any CPU
		Release|Any CPU = Release|Any CPU
	EndGlobalSection
	GlobalSection(ProjectConfigurationPlatforms) = postSolution
		{A9D63D1B-D3B7-4B81-9314-59DA55A78BC6}.Debug|Any CPU.ActiveCfg = Debug|Any CPU
		{A9D63D1B-D3B7-4B81-9314-59DA55A78BC6}.Debug|Any CPU.Build.0 = Debug|Any CPU
		{A9D63D1B-D3B7-4B81-9314-59DA55A78BC6}.Release|Any CPU.ActiveCfg = Release|Any CPU
		{A9D63D1B-D3B7-4B81-9314-59DA55A78BC6}.Release|Any CPU.Build.0 = Release|Any CPU
		{80A7E66D-47C5-4012-BE4E-2B3938D4250C}.Debug|Any CPU.ActiveCfg = Debug|Any CPU
		{80A7E66D-47C5-4012-BE4E-2B3938D4250C}.Debug|Any CPU.Build.0 = Debug|Any CPU
		{80A7E66D-47C5-4012-BE4E-2B3938D4250C}.Release|Any CPU.ActiveCfg = Release|Any CPU
		{80A7E66D-47C5-4012-BE4E-2B3938D4250C}.Release|Any CPU.Build.0 = Release|Any CPU
		{E97C796F-CED7-4C0B-BB36-02FF9D8EC55A}.Debug|Any CPU.ActiveCfg = Debug|Any CPU
		{E97C796F-CED7-4C0B-BB36-02FF9D8EC55A}.Debug|Any CPU.Build.0 = Debug|Any CPU
		{E97C796F-CED7-4C0B-BB36-02FF9D8EC55A}.Release|Any CPU.ActiveCfg = Release|Any CPU
		{E97C796F-CED7-4C0B-BB36-02FF9D8EC55A}.Release|Any CPU.Build.0 = Release|Any CPU
		{C95FCCB7-B487-4451-9485-476C75F88928}.Debug|Any CPU.ActiveCfg = Debug|Any CPU
		{C95FCCB7-B487-4451-9485-476C75F88928}.Debug|Any CPU.Build.0 = Debug|Any CPU
		{C95FCCB7-B487-4451-9485-476C75F88928}.Release|Any CPU.ActiveCfg = Release|Any CPU
		{C95FCCB7-B487-4451-9485-476C75F88928}.Release|Any CPU.Build.0 = Release|Any CPU
		{C39E0FEE-5A9D-4DB1-AC28-15B397416BAA}.Debug|Any CPU.ActiveCfg = Debug|Any CPU
		{C39E0FEE-5A9D-4DB1-AC28-15B397416BAA}.Debug|Any CPU.Build.0 = Debug|Any CPU
		{C39E0FEE-5A9D-4DB1-AC28-15B397416BAA}.Release|Any CPU.ActiveCfg = Release|Any CPU
		{C39E0FEE-5A9D-4DB1-AC28-15B397416BAA}.Release|Any CPU.Build.0 = Release|Any CPU
		{F6FE2BB5-BBC8-4417-B6D0-38E0760F836B}.Debug|Any CPU.ActiveCfg = Debug|Any CPU
		{F6FE2BB5-BBC8-4417-B6D0-38E0760F836B}.Debug|Any CPU.Build.0 = Debug|Any CPU
		{F6FE2BB5-BBC8-4417-B6D0-38E0760F836B}.Release|Any CPU.ActiveCfg = Release|Any CPU
		{F6FE2BB5-BBC8-4417-B6D0-38E0760F836B}.Release|Any CPU.Build.0 = Release|Any CPU
		{F5006C9C-B0B9-4759-9D0B-291AE869C3A4}.Debug|Any CPU.ActiveCfg = Debug|Any CPU
		{F5006C9C-B0B9-4759-9D0B-291AE869C3A4}.Debug|Any CPU.Build.0 = Debug|Any CPU
		{F5006C9C-B0B9-4759-9D0B-291AE869C3A4}.Release|Any CPU.ActiveCfg = Release|Any CPU
		{F5006C9C-B0B9-4759-9D0B-291AE869C3A4}.Release|Any CPU.Build.0 = Release|Any CPU
		{1A4C68F6-6593-48C1-AAAC-B5F6A5A73623}.Debug|Any CPU.ActiveCfg = Debug|Any CPU
		{1A4C68F6-6593-48C1-AAAC-B5F6A5A73623}.Debug|Any CPU.Build.0 = Debug|Any CPU
		{1A4C68F6-6593-48C1-AAAC-B5F6A5A73623}.Release|Any CPU.ActiveCfg = Release|Any CPU
		{1A4C68F6-6593-48C1-AAAC-B5F6A5A73623}.Release|Any CPU.Build.0 = Release|Any CPU
		{B15A169F-8AA1-4ABD-B873-5E0F37E58299}.Debug|Any CPU.ActiveCfg = Debug|Any CPU
		{B15A169F-8AA1-4ABD-B873-5E0F37E58299}.Debug|Any CPU.Build.0 = Debug|Any CPU
		{B15A169F-8AA1-4ABD-B873-5E0F37E58299}.Release|Any CPU.ActiveCfg = Release|Any CPU
		{B15A169F-8AA1-4ABD-B873-5E0F37E58299}.Release|Any CPU.Build.0 = Release|Any CPU
		{86B0E530-7DF7-45E1-8DCE-003AAF5305B5}.Debug|Any CPU.ActiveCfg = Debug|Any CPU
		{86B0E530-7DF7-45E1-8DCE-003AAF5305B5}.Debug|Any CPU.Build.0 = Debug|Any CPU
		{86B0E530-7DF7-45E1-8DCE-003AAF5305B5}.Release|Any CPU.ActiveCfg = Release|Any CPU
		{86B0E530-7DF7-45E1-8DCE-003AAF5305B5}.Release|Any CPU.Build.0 = Release|Any CPU
		{65DF94A8-1DCA-4E28-A3B3-58530CA4E8CD}.Debug|Any CPU.ActiveCfg = Debug|Any CPU
		{65DF94A8-1DCA-4E28-A3B3-58530CA4E8CD}.Debug|Any CPU.Build.0 = Debug|Any CPU
		{65DF94A8-1DCA-4E28-A3B3-58530CA4E8CD}.Release|Any CPU.ActiveCfg = Release|Any CPU
		{65DF94A8-1DCA-4E28-A3B3-58530CA4E8CD}.Release|Any CPU.Build.0 = Release|Any CPU
		{346DE512-6163-453D-A84C-2C1CBE9B8E6C}.Debug|Any CPU.ActiveCfg = Debug|Any CPU
		{346DE512-6163-453D-A84C-2C1CBE9B8E6C}.Debug|Any CPU.Build.0 = Debug|Any CPU
		{346DE512-6163-453D-A84C-2C1CBE9B8E6C}.Release|Any CPU.ActiveCfg = Release|Any CPU
		{346DE512-6163-453D-A84C-2C1CBE9B8E6C}.Release|Any CPU.Build.0 = Release|Any CPU
		{A4611CB0-3E06-4F49-B13B-33602FBC905A}.Debug|Any CPU.ActiveCfg = Debug|Any CPU
		{A4611CB0-3E06-4F49-B13B-33602FBC905A}.Debug|Any CPU.Build.0 = Debug|Any CPU
		{A4611CB0-3E06-4F49-B13B-33602FBC905A}.Release|Any CPU.ActiveCfg = Release|Any CPU
		{A4611CB0-3E06-4F49-B13B-33602FBC905A}.Release|Any CPU.Build.0 = Release|Any CPU
		{FF53D870-7AFA-4D32-985D-3DB10B05D969}.Debug|Any CPU.ActiveCfg = Debug|Any CPU
		{FF53D870-7AFA-4D32-985D-3DB10B05D969}.Debug|Any CPU.Build.0 = Debug|Any CPU
		{FF53D870-7AFA-4D32-985D-3DB10B05D969}.Release|Any CPU.ActiveCfg = Release|Any CPU
		{FF53D870-7AFA-4D32-985D-3DB10B05D969}.Release|Any CPU.Build.0 = Release|Any CPU
		{A6A9D426-E8D6-4163-9D41-F0E2F3916A1D}.Debug|Any CPU.ActiveCfg = Debug|Any CPU
		{A6A9D426-E8D6-4163-9D41-F0E2F3916A1D}.Debug|Any CPU.Build.0 = Debug|Any CPU
		{A6A9D426-E8D6-4163-9D41-F0E2F3916A1D}.Release|Any CPU.ActiveCfg = Release|Any CPU
		{A6A9D426-E8D6-4163-9D41-F0E2F3916A1D}.Release|Any CPU.Build.0 = Release|Any CPU
		{16252A42-A0E5-4A12-8217-917D23190EB7}.Debug|Any CPU.ActiveCfg = Debug|Any CPU
		{16252A42-A0E5-4A12-8217-917D23190EB7}.Debug|Any CPU.Build.0 = Debug|Any CPU
		{16252A42-A0E5-4A12-8217-917D23190EB7}.Release|Any CPU.ActiveCfg = Release|Any CPU
		{16252A42-A0E5-4A12-8217-917D23190EB7}.Release|Any CPU.Build.0 = Release|Any CPU
	EndGlobalSection
	GlobalSection(SolutionProperties) = preSolution
		HideSolutionNode = FALSE
	EndGlobalSection
	GlobalSection(NestedProjects) = preSolution
		{A9D63D1B-D3B7-4B81-9314-59DA55A78BC6} = {474F2AFE-597E-47BF-B193-846C86D055EA}
		{80A7E66D-47C5-4012-BE4E-2B3938D4250C} = {2FAA48D6-24D0-44CA-97E4-207CF009CD04}
		{E97C796F-CED7-4C0B-BB36-02FF9D8EC55A} = {2FAA48D6-24D0-44CA-97E4-207CF009CD04}
		{C95FCCB7-B487-4451-9485-476C75F88928} = {7865A25F-FC73-4912-A908-9F8F489AB358}
		{C39E0FEE-5A9D-4DB1-AC28-15B397416BAA} = {2FAA48D6-24D0-44CA-97E4-207CF009CD04}
		{F6FE2BB5-BBC8-4417-B6D0-38E0760F836B} = {2FAA48D6-24D0-44CA-97E4-207CF009CD04}
		{F5006C9C-B0B9-4759-9D0B-291AE869C3A4} = {2FAA48D6-24D0-44CA-97E4-207CF009CD04}
		{1A4C68F6-6593-48C1-AAAC-B5F6A5A73623} = {474F2AFE-597E-47BF-B193-846C86D055EA}
		{B15A169F-8AA1-4ABD-B873-5E0F37E58299} = {14C7F42D-1F56-4231-B660-1D1DDF6AA76B}
		{7A00F745-84B1-456A-A12D-F4678B9248C7} = {2FAA48D6-24D0-44CA-97E4-207CF009CD04}
		{86B0E530-7DF7-45E1-8DCE-003AAF5305B5} = {7A00F745-84B1-456A-A12D-F4678B9248C7}
		{E1AA5B64-0FA3-4326-9AE7-80A047D8FF50} = {7A00F745-84B1-456A-A12D-F4678B9248C7}
		{65DF94A8-1DCA-4E28-A3B3-58530CA4E8CD} = {E1AA5B64-0FA3-4326-9AE7-80A047D8FF50}
		{346DE512-6163-453D-A84C-2C1CBE9B8E6C} = {1A5B761B-454E-4CCC-87E0-832D03E06A00}
		{A4611CB0-3E06-4F49-B13B-33602FBC905A} = {2FAA48D6-24D0-44CA-97E4-207CF009CD04}
		{FF53D870-7AFA-4D32-985D-3DB10B05D969} = {2FAA48D6-24D0-44CA-97E4-207CF009CD04}
		{A6A9D426-E8D6-4163-9D41-F0E2F3916A1D} = {2FAA48D6-24D0-44CA-97E4-207CF009CD04}
		{16252A42-A0E5-4A12-8217-917D23190EB7} = {2FAA48D6-24D0-44CA-97E4-207CF009CD04}
	EndGlobalSection
	GlobalSection(ExtensibilityGlobals) = postSolution
		SolutionGuid = {9ED3C544-A7B1-47DF-ACC1-EB578BCE69E4}
	EndGlobalSection
EndGlobal
