
Microsoft Visual Studio Solution File, Format Version 12.00
# Visual Studio Version 16
VisualStudioVersion = 16.0.30804.86
MinimumVisualStudioVersion = 10.0.40219.1
Project("{2150E333-8FDC-42A3-9474-1A3956D46DE8}") = "Unit test project templates", "Unit test project templates", "{474F2AFE-597E-47BF-B193-846C86D055EA}"
EndProject
Project("{FAE04EC0-301F-11D3-BF4B-00C04F79EFBC}") = "PayneUnitTestProject", "PayneUnitTestProject\PayneUnitTestProject.csproj", "{A9D63D1B-D3B7-4B81-9314-59DA55A78BC6}"
EndProject
Project("{2150E333-8FDC-42A3-9474-1A3956D46DE8}") = "Solution Items", "Solution Items", "{6B396C35-D280-46C6-9252-4D1132C49A09}"
	ProjectSection(SolutionItems) = preProject
		readme.md = readme.md
	EndProjectSection
EndProject
Global
	GlobalSection(SolutionConfigurationPlatforms) = preSolution
		Debug|Any CPU = Debug|Any CPU
		Release|Any CPU = Release|Any CPU
	EndGlobalSection
	GlobalSection(ProjectConfigurationPlatforms) = postSolution
		{A9D63D1B-D3B7-4B81-9314-59DA55A78BC6}.Debug|Any CPU.ActiveCfg = Debug|Any CPU
		{A9D63D1B-D3B7-4B81-9314-59DA55A78BC6}.Debug|Any CPU.Build.0 = Debug|Any CPU
		{A9D63D1B-D3B7-4B81-9314-59DA55A78BC6}.Release|Any CPU.ActiveCfg = Release|Any CPU
		{A9D63D1B-D3B7-4B81-9314-59DA55A78BC6}.Release|Any CPU.Build.0 = Release|Any CPU
	EndGlobalSection
	GlobalSection(SolutionProperties) = preSolution
		HideSolutionNode = FALSE
	EndGlobalSection
	GlobalSection(NestedProjects) = preSolution
		{A9D63D1B-D3B7-4B81-9314-59DA55A78BC6} = {474F2AFE-597E-47BF-B193-846C86D055EA}
	EndGlobalSection
	GlobalSection(ExtensibilityGlobals) = postSolution
		SolutionGuid = {9ED3C544-A7B1-47DF-ACC1-EB578BCE69E4}
	EndGlobalSection
EndGlobal
